
Microsoft Visual Studio Solution File, Format Version 12.00
# Visual Studio Version 16
VisualStudioVersion = 16.0.34031.81
MinimumVisualStudioVersion = 10.0.40219.1
Project("{888888A0-9F3D-457C-B088-3A5042F75D52}") = "practica 3", "practica 3\practica 3.pyproj", "{8F8D942A-2D1C-462D-AA77-C4D5F8766953}"
EndProject
Global
	GlobalSection(SolutionConfigurationPlatforms) = preSolution
		Debug|Any CPU = Debug|Any CPU
		Release|Any CPU = Release|Any CPU
	EndGlobalSection
	GlobalSection(ProjectConfigurationPlatforms) = postSolution
		{8F8D942A-2D1C-462D-AA77-C4D5F8766953}.Debug|Any CPU.ActiveCfg = Debug|Any CPU
		{8F8D942A-2D1C-462D-AA77-C4D5F8766953}.Release|Any CPU.ActiveCfg = Release|Any CPU
	EndGlobalSection
	GlobalSection(SolutionProperties) = preSolution
		HideSolutionNode = FALSE
	EndGlobalSection
	GlobalSection(ExtensibilityGlobals) = postSolution
		SolutionGuid = {C3BD35F1-DF5D-44EA-B9E6-C498F897BDA9}
	EndGlobalSection
EndGlobal
